
Microsoft Visual Studio Solution File, Format Version 12.00
# Visual Studio Version 17
VisualStudioVersion = 17.0.31912.275
MinimumVisualStudioVersion = 10.0.40219.1
Project("{FAE04EC0-301F-11D3-BF4B-00C04F79EFBC}") = "EFCore6DemoUdemyMVC", "EFCore6DemoUdemyMVC\EFCore6DemoUdemyMVC.csproj", "{3860E7DF-3397-4A49-8954-7BE659E1A8E1}"
EndProject
Global
	GlobalSection(SolutionConfigurationPlatforms) = preSolution
		Debug|Any CPU = Debug|Any CPU
		Release|Any CPU = Release|Any CPU
	EndGlobalSection
	GlobalSection(ProjectConfigurationPlatforms) = postSolution
		{3860E7DF-3397-4A49-8954-7BE659E1A8E1}.Debug|Any CPU.ActiveCfg = Debug|Any CPU
		{3860E7DF-3397-4A49-8954-7BE659E1A8E1}.Debug|Any CPU.Build.0 = Debug|Any CPU
		{3860E7DF-3397-4A49-8954-7BE659E1A8E1}.Release|Any CPU.ActiveCfg = Release|Any CPU
		{3860E7DF-3397-4A49-8954-7BE659E1A8E1}.Release|Any CPU.Build.0 = Release|Any CPU
	EndGlobalSection
	GlobalSection(SolutionProperties) = preSolution
		HideSolutionNode = FALSE
	EndGlobalSection
	GlobalSection(ExtensibilityGlobals) = postSolution
		SolutionGuid = {B87D8A0B-9485-4919-A4DB-DE013C3D19BE}
	EndGlobalSection
EndGlobal
