
Microsoft Visual Studio Solution File, Format Version 12.00
# Visual Studio Version 16
VisualStudioVersion = 16.0.29123.88
MinimumVisualStudioVersion = 10.0.40219.1
Project("{FAE04EC0-301F-11D3-BF4B-00C04F79EFBC}") = "WebApplication1", "WebApplication1\WebApplication1.csproj", "{1678D1DB-A9ED-4BC8-80F3-B0FEC3C6BE6A}"
EndProject
Global
	GlobalSection(SolutionConfigurationPlatforms) = preSolution
		Debug|Any CPU = Debug|Any CPU
		Release|Any CPU = Release|Any CPU
	EndGlobalSection
	GlobalSection(ProjectConfigurationPlatforms) = postSolution
		{1678D1DB-A9ED-4BC8-80F3-B0FEC3C6BE6A}.Debug|Any CPU.ActiveCfg = Debug|Any CPU
		{1678D1DB-A9ED-4BC8-80F3-B0FEC3C6BE6A}.Debug|Any CPU.Build.0 = Debug|Any CPU
		{1678D1DB-A9ED-4BC8-80F3-B0FEC3C6BE6A}.Release|Any CPU.ActiveCfg = Release|Any CPU
		{1678D1DB-A9ED-4BC8-80F3-B0FEC3C6BE6A}.Release|Any CPU.Build.0 = Release|Any CPU
	EndGlobalSection
	GlobalSection(SolutionProperties) = preSolution
		HideSolutionNode = FALSE
	EndGlobalSection
	GlobalSection(ExtensibilityGlobals) = postSolution
		SolutionGuid = {C99584F2-0BB3-4F2F-A84A-740AD3416537}
	EndGlobalSection
EndGlobal
