
Microsoft Visual Studio Solution File, Format Version 12.00
# Visual Studio Version 16
VisualStudioVersion = 16.0.29123.88
MinimumVisualStudioVersion = 10.0.40219.1
Project("{FAE04EC0-301F-11D3-BF4B-00C04F79EFBC}") = "WindowsFormsApp1", "WindowsFormsApp1\WindowsFormsApp1.csproj", "{A81C5D3F-F5AC-4191-A620-2E4E94462B20}"
EndProject
Global
	GlobalSection(SolutionConfigurationPlatforms) = preSolution
		Debug|Any CPU = Debug|Any CPU
		Release|Any CPU = Release|Any CPU
	EndGlobalSection
	GlobalSection(ProjectConfigurationPlatforms) = postSolution
		{A81C5D3F-F5AC-4191-A620-2E4E94462B20}.Debug|Any CPU.ActiveCfg = Debug|Any CPU
		{A81C5D3F-F5AC-4191-A620-2E4E94462B20}.Debug|Any CPU.Build.0 = Debug|Any CPU
		{A81C5D3F-F5AC-4191-A620-2E4E94462B20}.Release|Any CPU.ActiveCfg = Release|Any CPU
		{A81C5D3F-F5AC-4191-A620-2E4E94462B20}.Release|Any CPU.Build.0 = Release|Any CPU
	EndGlobalSection
	GlobalSection(SolutionProperties) = preSolution
		HideSolutionNode = FALSE
	EndGlobalSection
	GlobalSection(ExtensibilityGlobals) = postSolution
		SolutionGuid = {D0ED58DE-8FD3-4337-8388-6A952BEF637B}
	EndGlobalSection
EndGlobal
