
Microsoft Visual Studio Solution File, Format Version 12.00
# Visual Studio Version 17
VisualStudioVersion = 17.0.32112.339
MinimumVisualStudioVersion = 10.0.40219.1
Project("{FAE04EC0-301F-11D3-BF4B-00C04F79EFBC}") = "PruebaBDPrimero", "PruebaBDPrimero\PruebaBDPrimero.csproj", "{AB30F0E4-E676-41A9-8048-46A381A04315}"
EndProject
Global
	GlobalSection(SolutionConfigurationPlatforms) = preSolution
		Debug|Any CPU = Debug|Any CPU
		Release|Any CPU = Release|Any CPU
	EndGlobalSection
	GlobalSection(ProjectConfigurationPlatforms) = postSolution
		{AB30F0E4-E676-41A9-8048-46A381A04315}.Debug|Any CPU.ActiveCfg = Debug|Any CPU
		{AB30F0E4-E676-41A9-8048-46A381A04315}.Debug|Any CPU.Build.0 = Debug|Any CPU
		{AB30F0E4-E676-41A9-8048-46A381A04315}.Release|Any CPU.ActiveCfg = Release|Any CPU
		{AB30F0E4-E676-41A9-8048-46A381A04315}.Release|Any CPU.Build.0 = Release|Any CPU
	EndGlobalSection
	GlobalSection(SolutionProperties) = preSolution
		HideSolutionNode = FALSE
	EndGlobalSection
	GlobalSection(ExtensibilityGlobals) = postSolution
		SolutionGuid = {03EA527C-BB8E-41D5-8E67-1E8894E4EFDE}
	EndGlobalSection
EndGlobal
