
Microsoft Visual Studio Solution File, Format Version 12.00
# Visual Studio Version 16
VisualStudioVersion = 16.0.29519.181
MinimumVisualStudioVersion = 10.0.40219.1
Project("{FAE04EC0-301F-11D3-BF4B-00C04F79EFBC}") = "WebApplication1", "WebApplication1\WebApplication1.csproj", "{C1D558C0-2E50-485F-94BA-5981BC080DAD}"
EndProject
Global
	GlobalSection(SolutionConfigurationPlatforms) = preSolution
		Debug|Any CPU = Debug|Any CPU
		Release|Any CPU = Release|Any CPU
	EndGlobalSection
	GlobalSection(ProjectConfigurationPlatforms) = postSolution
		{C1D558C0-2E50-485F-94BA-5981BC080DAD}.Debug|Any CPU.ActiveCfg = Debug|Any CPU
		{C1D558C0-2E50-485F-94BA-5981BC080DAD}.Debug|Any CPU.Build.0 = Debug|Any CPU
		{C1D558C0-2E50-485F-94BA-5981BC080DAD}.Release|Any CPU.ActiveCfg = Release|Any CPU
		{C1D558C0-2E50-485F-94BA-5981BC080DAD}.Release|Any CPU.Build.0 = Release|Any CPU
	EndGlobalSection
	GlobalSection(SolutionProperties) = preSolution
		HideSolutionNode = FALSE
	EndGlobalSection
	GlobalSection(ExtensibilityGlobals) = postSolution
		SolutionGuid = {40D4510E-25CA-41A6-AABB-3F7A64936A2B}
	EndGlobalSection
EndGlobal
